
Microsoft Visual Studio Solution File, Format Version 12.00
# Visual Studio Version 17
VisualStudioVersion = 17.14.37111.16 d17.14
MinimumVisualStudioVersion = 10.0.40219.1
Project("{FAE04EC0-301F-11D3-BF4B-00C04F79EFBC}") = "AIPRReviewer", "AIPRReviewer\AIPRReviewer.csproj", "{D557AF10-122E-43AD-9933-02EF4D2D71E6}"
EndProject
Global
	GlobalSection(SolutionConfigurationPlatforms) = preSolution
		Debug|Any CPU = Debug|Any CPU
		Release|Any CPU = Release|Any CPU
	EndGlobalSection
	GlobalSection(ProjectConfigurationPlatforms) = postSolution
		{D557AF10-122E-43AD-9933-02EF4D2D71E6}.Debug|Any CPU.ActiveCfg = Debug|Any CPU
		{D557AF10-122E-43AD-9933-02EF4D2D71E6}.Debug|Any CPU.Build.0 = Debug|Any CPU
		{D557AF10-122E-43AD-9933-02EF4D2D71E6}.Release|Any CPU.ActiveCfg = Release|Any CPU
		{D557AF10-122E-43AD-9933-02EF4D2D71E6}.Release|Any CPU.Build.0 = Release|Any CPU
	EndGlobalSection
	GlobalSection(SolutionProperties) = preSolution
		HideSolutionNode = FALSE
	EndGlobalSection
	GlobalSection(ExtensibilityGlobals) = postSolution
		SolutionGuid = {34CDFEEC-C5A4-4E75-9043-AADB510CB5EE}
	EndGlobalSection
EndGlobal
